
Microsoft Visual Studio Solution File, Format Version 12.00
# Visual Studio Version 16
VisualStudioVersion = 16.0.32630.194
MinimumVisualStudioVersion = 10.0.40219.1
Project("{2150E333-8FDC-42A3-9474-1A3956D46DE8}") = "ShopMangement", "ShopMangement", "{D6121E8A-079D-49CD-BA23-3C11EABD87D4}"
EndProject
Project("{2150E333-8FDC-42A3-9474-1A3956D46DE8}") = "SM.Domain", "SM.Domain", "{C11DEC52-D850-4A3E-9657-7715BABF9FDF}"
EndProject
Project("{9A19103F-16F7-4668-BE54-9A1E7A4F7556}") = "ShopManagement.Domain", "ShopManagement.Domain\ShopManagement.Domain.csproj", "{405FE9FE-887C-4830-A0C8-4202130AB69C}"
EndProject
Project("{9A19103F-16F7-4668-BE54-9A1E7A4F7556}") = "0_Framework", "0_Framework\0_Framework.csproj", "{FBD8EFE2-D279-4317-AE0D-BD3CA9CD0B71}"
EndProject
Project("{2150E333-8FDC-42A3-9474-1A3956D46DE8}") = "SM.Application", "SM.Application", "{C93DA519-BEC9-41C1-B683-16F7DAE92E46}"
EndProject
Project("{9A19103F-16F7-4668-BE54-9A1E7A4F7556}") = "ShopManagement.Application.Contracts", "Shop.Manegement.Application.Contracts\ShopManagement.Application.Contracts.csproj", "{A118C599-6254-48F0-A99E-5357A336FC22}"
EndProject
Project("{9A19103F-16F7-4668-BE54-9A1E7A4F7556}") = "ShopManagement.Application", "ShopManagement.Application\ShopManagement.Application.csproj", "{70D1978D-8E87-4D27-A769-CECE546A07AF}"
EndProject
Project("{2150E333-8FDC-42A3-9474-1A3956D46DE8}") = "SM.Infrastructure", "SM.Infrastructure", "{87E6BD76-939B-4174-B146-9076387B0D8F}"
EndProject
Project("{9A19103F-16F7-4668-BE54-9A1E7A4F7556}") = "ShopManagement.Infrastructure.EFCore", "ShopManagement.Infrastructure.EFCore\ShopManagement.Infrastructure.EFCore.csproj", "{237DDB65-C2AC-4AD3-8732-0CCEF0EFC726}"
EndProject
Project("{9A19103F-16F7-4668-BE54-9A1E7A4F7556}") = "ShopManagement.Configuration", "ShopManagement.Configuration\ShopManagement.Configuration.csproj", "{3E7045AB-8CF2-42F8-B586-CB18C0C5CC08}"
EndProject
Project("{9A19103F-16F7-4668-BE54-9A1E7A4F7556}") = "ServiceHost", "ServiceHost\ServiceHost.csproj", "{72D3CAA6-1148-45D1-935C-735A1AD2D822}"
EndProject
Project("{9A19103F-16F7-4668-BE54-9A1E7A4F7556}") = "01_LampshadeQuery", "01_LampshadeQuery\01_LampshadeQuery.csproj", "{05F6A0CF-2DB8-484A-95A9-2FA244E85C05}"
EndProject
Project("{2150E333-8FDC-42A3-9474-1A3956D46DE8}") = "DiscountManagement", "DiscountManagement", "{468E0534-A9C7-4743-AF77-C80EF12EB0CE}"
EndProject
Project("{2150E333-8FDC-42A3-9474-1A3956D46DE8}") = "DM.Domain", "DM.Domain", "{26292658-FB06-4999-9C5F-1F1057F29740}"
EndProject
Project("{9A19103F-16F7-4668-BE54-9A1E7A4F7556}") = "DiscountManagement.Domain", "DiscountManagement.Domain\DiscountManagement.Domain.csproj", "{9C35FDD5-DA5A-4E56-A11C-6904425EFFE4}"
EndProject
Project("{2150E333-8FDC-42A3-9474-1A3956D46DE8}") = "DM.Application", "DM.Application", "{FB2DC66D-A1A6-47DE-8901-435A8FDD9B15}"
EndProject
Project("{9A19103F-16F7-4668-BE54-9A1E7A4F7556}") = "DiscountManagement.Application.Contracts", "DiscountManagement.Application.Contracts\DiscountManagement.Application.Contracts.csproj", "{F3F17AF5-0887-46D6-AF20-AB25F8233462}"
EndProject
Project("{9A19103F-16F7-4668-BE54-9A1E7A4F7556}") = "CustomerDiscount.Application", "CustomerDiscount.Application\CustomerDiscount.Application.csproj", "{FBC43407-9B87-4A37-A6A9-88142533A125}"
EndProject
Project("{2150E333-8FDC-42A3-9474-1A3956D46DE8}") = "DM.Infrastructure", "DM.Infrastructure", "{036114BB-2168-41DE-9CAA-8F6A6F2425E6}"
EndProject
Project("{9A19103F-16F7-4668-BE54-9A1E7A4F7556}") = "DiscountManagement.Infrastructure.EFCore", "DiscountManagement.Infrastructure.EFCore\DiscountManagement.Infrastructure.EFCore.csproj", "{32D8534E-2D7B-40ED-AD91-7B87E4C94D91}"
EndProject
Project("{9A19103F-16F7-4668-BE54-9A1E7A4F7556}") = "DiscountManagement.Configuration", "DiscountMangement.Configuration\DiscountManagement.Configuration.csproj", "{6275D8C5-D4DE-48B7-9D1A-468F3EEC678A}"
EndProject
Project("{2150E333-8FDC-42A3-9474-1A3956D46DE8}") = "InventoryManagement", "InventoryManagement", "{5A78D56B-5F9C-4A8E-A82B-4CA6FD15FD8E}"
EndProject
Project("{2150E333-8FDC-42A3-9474-1A3956D46DE8}") = "IM.Domain", "IM.Domain", "{09EE20FF-F934-4436-8F79-C4A82E697955}"
EndProject
Project("{9A19103F-16F7-4668-BE54-9A1E7A4F7556}") = "InventoryManagement.Domain", "InventoryManagement.Domain\InventoryManagement.Domain.csproj", "{88304F86-A83D-4B13-9839-27C7FB3F6F1B}"
EndProject
Project("{2150E333-8FDC-42A3-9474-1A3956D46DE8}") = "IM.Application", "IM.Application", "{98FF1562-CF72-4402-9D73-3A48A66BA37A}"
EndProject
Project("{9A19103F-16F7-4668-BE54-9A1E7A4F7556}") = "InventoryManagement.Application.Contracts", "InventoryManagement.Application.Contract\InventoryManagement.Application.Contracts.csproj", "{2865B1D7-89D6-4869-A5DF-F8DBB93301DE}"
EndProject
Project("{2150E333-8FDC-42A3-9474-1A3956D46DE8}") = "IM.Infrastructure", "IM.Infrastructure", "{2AD791EB-89BB-4D07-97BD-48AFED5AECA2}"
EndProject
Project("{9A19103F-16F7-4668-BE54-9A1E7A4F7556}") = "InventoryManagement.Infrastructure.EFCore", "InventoyManagmenet.Infrastructure.EFCore\InventoryManagement.Infrastructure.EFCore.csproj", "{4C61B675-34AA-4423-87BE-5B9EAFE19D8D}"
EndProject
Project("{9A19103F-16F7-4668-BE54-9A1E7A4F7556}") = "InventoryManagement.Configuration", "InventoryManagement.Configuration\InventoryManagement.Configuration.csproj", "{ECF74EF4-4537-4844-9B8C-4FB0ED22507C}"
EndProject
Project("{9A19103F-16F7-4668-BE54-9A1E7A4F7556}") = "Inventory.Application", "Inventory.Application\Inventory.Application.csproj", "{ABBDAFF9-017F-434C-B2C4-3513DD354A64}"
EndProject
Project("{2150E333-8FDC-42A3-9474-1A3956D46DE8}") = "BlogManagement", "BlogManagement", "{ED6F8668-35BC-4B6A-B0CE-638D20FB2ABC}"
EndProject
Project("{2150E333-8FDC-42A3-9474-1A3956D46DE8}") = "BM.Domain", "BM.Domain", "{85D93C82-7199-4ED6-B6CB-6F8AF5938085}"
EndProject
Project("{9A19103F-16F7-4668-BE54-9A1E7A4F7556}") = "BlogManagement.Domain", "BlogManagement.Domain\BlogManagement.Domain.csproj", "{412104A9-391B-4AC1-84C4-0C046D34D820}"
EndProject
Project("{2150E333-8FDC-42A3-9474-1A3956D46DE8}") = "BM.Application", "BM.Application", "{25F5B820-EEDA-4838-BC03-DD855186F358}"
EndProject
Project("{9A19103F-16F7-4668-BE54-9A1E7A4F7556}") = "BlogManagement.Application.Contracts", "ArticleCategory.Application.Contracts\BlogManagement.Application.Contracts.csproj", "{D9229D37-DE2C-4254-8213-5304F36BB21B}"
EndProject
Project("{9A19103F-16F7-4668-BE54-9A1E7A4F7556}") = "BlogManagement.Application", "ArticleCategory.Application\BlogManagement.Application.csproj", "{79FEC22E-6082-485A-BB8A-EE289803B104}"
EndProject
Project("{2150E333-8FDC-42A3-9474-1A3956D46DE8}") = "BM.Infrastructure", "BM.Infrastructure", "{9A939118-7306-48BE-8D6A-000BC5407E83}"
EndProject
Project("{9A19103F-16F7-4668-BE54-9A1E7A4F7556}") = "BlogManagement.Infrastructure.EFCore", "BlogManagement.Infrastructure.EFCore\BlogManagement.Infrastructure.EFCore.csproj", "{46140B14-466F-458D-ADA4-D72867E5EA30}"
EndProject
Project("{9A19103F-16F7-4668-BE54-9A1E7A4F7556}") = "BlogManagement.Configuration", "BlogManagement.Configuration\BlogManagement.Configuration.csproj", "{29AA770F-8DC0-436B-9FB0-22D84629EB9F}"
EndProject
Project("{2150E333-8FDC-42A3-9474-1A3956D46DE8}") = "CommentManagement", "CommentManagement", "{EDB21139-913E-4F74-9769-437CA97A5BE7}"
EndProject
Project("{2150E333-8FDC-42A3-9474-1A3956D46DE8}") = "CM.Domain", "CM.Domain", "{673545B7-28DF-46B7-A829-90EC83481074}"
EndProject
Project("{2150E333-8FDC-42A3-9474-1A3956D46DE8}") = "CM.Application", "CM.Application", "{9DD8AB9E-C5F9-4193-A08D-14AA6325A02C}"
EndProject
Project("{2150E333-8FDC-42A3-9474-1A3956D46DE8}") = "CM.Infrastructure", "CM.Infrastructure", "{3E1D3104-1B11-4FCF-A5FE-7CF8CFDF6520}"
EndProject
Project("{9A19103F-16F7-4668-BE54-9A1E7A4F7556}") = "CommentManagement.Domain", "CommentManagement.Domain\CommentManagement.Domain.csproj", "{6A3548EB-5336-4862-B03F-C0B2F730611C}"
EndProject
Project("{9A19103F-16F7-4668-BE54-9A1E7A4F7556}") = "CommentManagement.Application.Contracts", "CommentManagement.Application.Contracts\CommentManagement.Application.Contracts.csproj", "{43672468-2249-4B24-943E-835E84515FB9}"
EndProject
Project("{9A19103F-16F7-4668-BE54-9A1E7A4F7556}") = "CommentManagement.Application", "CommentManagement.Application\CommentManagement.Application.csproj", "{8D25D818-AA8D-433C-A1DF-C3549B342B49}"
EndProject
Project("{9A19103F-16F7-4668-BE54-9A1E7A4F7556}") = "CommentManagement.Infrastructure.EFCore", "CommentManagement.Infrastructure.EFCore\CommentManagement.Infrastructure.EFCore.csproj", "{76076921-E5F3-42CF-8A6E-2C15848367FC}"
EndProject
Project("{9A19103F-16F7-4668-BE54-9A1E7A4F7556}") = "CommentManagement.Configuration", "CommentManagement.Configuration\CommentManagement.Configuration.csproj", "{1E8EC0C5-50AD-4FCB-A260-C0B4F6047F23}"
EndProject
Project("{2150E333-8FDC-42A3-9474-1A3956D46DE8}") = "AccountManagement", "AccountManagement", "{27E30373-A45E-4DE0-A98F-A1B7E3DB6022}"
EndProject
Project("{2150E333-8FDC-42A3-9474-1A3956D46DE8}") = "AM.Domain", "AM.Domain", "{0E7027CC-2538-45D3-AE3A-2D8B7B47B96F}"
EndProject
Project("{9A19103F-16F7-4668-BE54-9A1E7A4F7556}") = "AccountManagement.Domain", "Account\AccountManagement.Domain.csproj", "{72298A62-1469-48D0-913C-3FA0431E8C1B}"
EndProject
Project("{2150E333-8FDC-42A3-9474-1A3956D46DE8}") = "AM.Application", "AM.Application", "{8FC05D42-0F80-46D5-BA3A-95E5F0CF0D7D}"
EndProject
Project("{9A19103F-16F7-4668-BE54-9A1E7A4F7556}") = "AccountManagement.Application", "AccountManagement.Application\AccountManagement.Application.csproj", "{9692458A-4D75-4D21-801B-EA3A9CDA70AB}"
EndProject
Project("{9A19103F-16F7-4668-BE54-9A1E7A4F7556}") = "AccountManagement.Application.Contracts", "AccountManagement.Application.Contracts\AccountManagement.Application.Contracts.csproj", "{DBFD4F98-8363-4FAB-8CE9-A0A0AD159BE4}"
EndProject
Project("{2150E333-8FDC-42A3-9474-1A3956D46DE8}") = "AM.Infrastructure", "AM.Infrastructure", "{7A61CA23-E28F-4018-A0A2-EF49D58952C2}"
EndProject
Project("{9A19103F-16F7-4668-BE54-9A1E7A4F7556}") = "AccountManagement.Infrastructure.EFCore", "AccountManagement.Infrastructure.EFCore\AccountManagement.Infrastructure.EFCore.csproj", "{0B4BCC5E-C362-4F7C-8CF2-5CBDE235859A}"
EndProject
Project("{9A19103F-16F7-4668-BE54-9A1E7A4F7556}") = "AccountManagement.Configuration", "AccountManagement.Configuration\AccountManagement.Configuration.csproj", "{879704FF-5B94-4590-A0CB-AD6C9E17C22D}"
EndProject
Project("{9A19103F-16F7-4668-BE54-9A1E7A4F7556}") = "ShopManagement.Infrastructure.InventoryAcl", "ShopManagement.Infrastructure.InventoryAcl\ShopManagement.Infrastructure.InventoryAcl.csproj", "{589A7D94-0A4A-4AD8-8006-6B32313FAD42}"
EndProject
Project("{2150E333-8FDC-42A3-9474-1A3956D46DE8}") = "SM.Presentation", "SM.Presentation", "{C6AFE07A-DBDD-4611-A16D-C335C22B1535}"
EndProject
Project("{FAE04EC0-301F-11D3-BF4B-00C04F79EFBC}") = "ShopManagement.Presentation.Api", "ShopManagement.Presentation.Api\ShopManagement.Presentation.Api.csproj", "{3885A73F-3C59-4F17-B520-64EC21E9A3B3}"
EndProject
Project("{2150E333-8FDC-42A3-9474-1A3956D46DE8}") = "IM.Presentation", "IM.Presentation", "{6FDF6F46-DB13-4991-84F4-C8457FBB83E4}"
EndProject
Project("{FAE04EC0-301F-11D3-BF4B-00C04F79EFBC}") = "InventoryManagement.Presentation.Api", "InventoryManagement.Presentation.Api\InventoryManagement.Presentation.Api.csproj", "{76F6AE24-3E69-4A01-9397-9F4D1233B739}"
EndProject
Project("{2150E333-8FDC-42A3-9474-1A3956D46DE8}") = "BM.Presentation", "BM.Presentation", "{EFF7DEA1-8788-47E8-AD7D-FBB4497F6C42}"
EndProject
Project("{FAE04EC0-301F-11D3-BF4B-00C04F79EFBC}") = "BlogManagement.Presentation.Api", "BlogManagement.Presentation.Api\BlogManagement.Presentation.Api.csproj", "{9B86BF59-8A30-4FA1-8D8C-41BE056ED95B}"
EndProject
Global
	GlobalSection(SolutionConfigurationPlatforms) = preSolution
		Debug|Any CPU = Debug|Any CPU
		Release|Any CPU = Release|Any CPU
	EndGlobalSection
	GlobalSection(ProjectConfigurationPlatforms) = postSolution
		{405FE9FE-887C-4830-A0C8-4202130AB69C}.Debug|Any CPU.ActiveCfg = Debug|Any CPU
		{405FE9FE-887C-4830-A0C8-4202130AB69C}.Debug|Any CPU.Build.0 = Debug|Any CPU
		{405FE9FE-887C-4830-A0C8-4202130AB69C}.Release|Any CPU.ActiveCfg = Release|Any CPU
		{405FE9FE-887C-4830-A0C8-4202130AB69C}.Release|Any CPU.Build.0 = Release|Any CPU
		{FBD8EFE2-D279-4317-AE0D-BD3CA9CD0B71}.Debug|Any CPU.ActiveCfg = Debug|Any CPU
		{FBD8EFE2-D279-4317-AE0D-BD3CA9CD0B71}.Debug|Any CPU.Build.0 = Debug|Any CPU
		{FBD8EFE2-D279-4317-AE0D-BD3CA9CD0B71}.Release|Any CPU.ActiveCfg = Release|Any CPU
		{FBD8EFE2-D279-4317-AE0D-BD3CA9CD0B71}.Release|Any CPU.Build.0 = Release|Any CPU
		{A118C599-6254-48F0-A99E-5357A336FC22}.Debug|Any CPU.ActiveCfg = Debug|Any CPU
		{A118C599-6254-48F0-A99E-5357A336FC22}.Debug|Any CPU.Build.0 = Debug|Any CPU
		{A118C599-6254-48F0-A99E-5357A336FC22}.Release|Any CPU.ActiveCfg = Release|Any CPU
		{A118C599-6254-48F0-A99E-5357A336FC22}.Release|Any CPU.Build.0 = Release|Any CPU
		{70D1978D-8E87-4D27-A769-CECE546A07AF}.Debug|Any CPU.ActiveCfg = Debug|Any CPU
		{70D1978D-8E87-4D27-A769-CECE546A07AF}.Debug|Any CPU.Build.0 = Debug|Any CPU
		{70D1978D-8E87-4D27-A769-CECE546A07AF}.Release|Any CPU.ActiveCfg = Release|Any CPU
		{70D1978D-8E87-4D27-A769-CECE546A07AF}.Release|Any CPU.Build.0 = Release|Any CPU
		{237DDB65-C2AC-4AD3-8732-0CCEF0EFC726}.Debug|Any CPU.ActiveCfg = Debug|Any CPU
		{237DDB65-C2AC-4AD3-8732-0CCEF0EFC726}.Debug|Any CPU.Build.0 = Debug|Any CPU
		{237DDB65-C2AC-4AD3-8732-0CCEF0EFC726}.Release|Any CPU.ActiveCfg = Release|Any CPU
		{237DDB65-C2AC-4AD3-8732-0CCEF0EFC726}.Release|Any CPU.Build.0 = Release|Any CPU
		{3E7045AB-8CF2-42F8-B586-CB18C0C5CC08}.Debug|Any CPU.ActiveCfg = Debug|Any CPU
		{3E7045AB-8CF2-42F8-B586-CB18C0C5CC08}.Debug|Any CPU.Build.0 = Debug|Any CPU
		{3E7045AB-8CF2-42F8-B586-CB18C0C5CC08}.Release|Any CPU.ActiveCfg = Release|Any CPU
		{3E7045AB-8CF2-42F8-B586-CB18C0C5CC08}.Release|Any CPU.Build.0 = Release|Any CPU
		{72D3CAA6-1148-45D1-935C-735A1AD2D822}.Debug|Any CPU.ActiveCfg = Debug|Any CPU
		{72D3CAA6-1148-45D1-935C-735A1AD2D822}.Debug|Any CPU.Build.0 = Debug|Any CPU
		{72D3CAA6-1148-45D1-935C-735A1AD2D822}.Release|Any CPU.ActiveCfg = Release|Any CPU
		{72D3CAA6-1148-45D1-935C-735A1AD2D822}.Release|Any CPU.Build.0 = Release|Any CPU
		{05F6A0CF-2DB8-484A-95A9-2FA244E85C05}.Debug|Any CPU.ActiveCfg = Debug|Any CPU
		{05F6A0CF-2DB8-484A-95A9-2FA244E85C05}.Debug|Any CPU.Build.0 = Debug|Any CPU
		{05F6A0CF-2DB8-484A-95A9-2FA244E85C05}.Release|Any CPU.ActiveCfg = Release|Any CPU
		{05F6A0CF-2DB8-484A-95A9-2FA244E85C05}.Release|Any CPU.Build.0 = Release|Any CPU
		{9C35FDD5-DA5A-4E56-A11C-6904425EFFE4}.Debug|Any CPU.ActiveCfg = Debug|Any CPU
		{9C35FDD5-DA5A-4E56-A11C-6904425EFFE4}.Debug|Any CPU.Build.0 = Debug|Any CPU
		{9C35FDD5-DA5A-4E56-A11C-6904425EFFE4}.Release|Any CPU.ActiveCfg = Release|Any CPU
		{9C35FDD5-DA5A-4E56-A11C-6904425EFFE4}.Release|Any CPU.Build.0 = Release|Any CPU
		{F3F17AF5-0887-46D6-AF20-AB25F8233462}.Debug|Any CPU.ActiveCfg = Debug|Any CPU
		{F3F17AF5-0887-46D6-AF20-AB25F8233462}.Debug|Any CPU.Build.0 = Debug|Any CPU
		{F3F17AF5-0887-46D6-AF20-AB25F8233462}.Release|Any CPU.ActiveCfg = Release|Any CPU
		{F3F17AF5-0887-46D6-AF20-AB25F8233462}.Release|Any CPU.Build.0 = Release|Any CPU
		{FBC43407-9B87-4A37-A6A9-88142533A125}.Debug|Any CPU.ActiveCfg = Debug|Any CPU
		{FBC43407-9B87-4A37-A6A9-88142533A125}.Debug|Any CPU.Build.0 = Debug|Any CPU
		{FBC43407-9B87-4A37-A6A9-88142533A125}.Release|Any CPU.ActiveCfg = Release|Any CPU
		{FBC43407-9B87-4A37-A6A9-88142533A125}.Release|Any CPU.Build.0 = Release|Any CPU
		{32D8534E-2D7B-40ED-AD91-7B87E4C94D91}.Debug|Any CPU.ActiveCfg = Debug|Any CPU
		{32D8534E-2D7B-40ED-AD91-7B87E4C94D91}.Debug|Any CPU.Build.0 = Debug|Any CPU
		{32D8534E-2D7B-40ED-AD91-7B87E4C94D91}.Release|Any CPU.ActiveCfg = Release|Any CPU
		{32D8534E-2D7B-40ED-AD91-7B87E4C94D91}.Release|Any CPU.Build.0 = Release|Any CPU
		{6275D8C5-D4DE-48B7-9D1A-468F3EEC678A}.Debug|Any CPU.ActiveCfg = Debug|Any CPU
		{6275D8C5-D4DE-48B7-9D1A-468F3EEC678A}.Debug|Any CPU.Build.0 = Debug|Any CPU
		{6275D8C5-D4DE-48B7-9D1A-468F3EEC678A}.Release|Any CPU.ActiveCfg = Release|Any CPU
		{6275D8C5-D4DE-48B7-9D1A-468F3EEC678A}.Release|Any CPU.Build.0 = Release|Any CPU
		{88304F86-A83D-4B13-9839-27C7FB3F6F1B}.Debug|Any CPU.ActiveCfg = Debug|Any CPU
		{88304F86-A83D-4B13-9839-27C7FB3F6F1B}.Debug|Any CPU.Build.0 = Debug|Any CPU
		{88304F86-A83D-4B13-9839-27C7FB3F6F1B}.Release|Any CPU.ActiveCfg = Release|Any CPU
		{88304F86-A83D-4B13-9839-27C7FB3F6F1B}.Release|Any CPU.Build.0 = Release|Any CPU
		{2865B1D7-89D6-4869-A5DF-F8DBB93301DE}.Debug|Any CPU.ActiveCfg = Debug|Any CPU
		{2865B1D7-89D6-4869-A5DF-F8DBB93301DE}.Debug|Any CPU.Build.0 = Debug|Any CPU
		{2865B1D7-89D6-4869-A5DF-F8DBB93301DE}.Release|Any CPU.ActiveCfg = Release|Any CPU
		{2865B1D7-89D6-4869-A5DF-F8DBB93301DE}.Release|Any CPU.Build.0 = Release|Any CPU
		{4C61B675-34AA-4423-87BE-5B9EAFE19D8D}.Debug|Any CPU.ActiveCfg = Debug|Any CPU
		{4C61B675-34AA-4423-87BE-5B9EAFE19D8D}.Debug|Any CPU.Build.0 = Debug|Any CPU
		{4C61B675-34AA-4423-87BE-5B9EAFE19D8D}.Release|Any CPU.ActiveCfg = Release|Any CPU
		{4C61B675-34AA-4423-87BE-5B9EAFE19D8D}.Release|Any CPU.Build.0 = Release|Any CPU
		{ECF74EF4-4537-4844-9B8C-4FB0ED22507C}.Debug|Any CPU.ActiveCfg = Debug|Any CPU
		{ECF74EF4-4537-4844-9B8C-4FB0ED22507C}.Debug|Any CPU.Build.0 = Debug|Any CPU
		{ECF74EF4-4537-4844-9B8C-4FB0ED22507C}.Release|Any CPU.ActiveCfg = Release|Any CPU
		{ECF74EF4-4537-4844-9B8C-4FB0ED22507C}.Release|Any CPU.Build.0 = Release|Any CPU
		{ABBDAFF9-017F-434C-B2C4-3513DD354A64}.Debug|Any CPU.ActiveCfg = Debug|Any CPU
		{ABBDAFF9-017F-434C-B2C4-3513DD354A64}.Debug|Any CPU.Build.0 = Debug|Any CPU
		{ABBDAFF9-017F-434C-B2C4-3513DD354A64}.Release|Any CPU.ActiveCfg = Release|Any CPU
		{ABBDAFF9-017F-434C-B2C4-3513DD354A64}.Release|Any CPU.Build.0 = Release|Any CPU
		{412104A9-391B-4AC1-84C4-0C046D34D820}.Debug|Any CPU.ActiveCfg = Debug|Any CPU
		{412104A9-391B-4AC1-84C4-0C046D34D820}.Debug|Any CPU.Build.0 = Debug|Any CPU
		{412104A9-391B-4AC1-84C4-0C046D34D820}.Release|Any CPU.ActiveCfg = Release|Any CPU
		{412104A9-391B-4AC1-84C4-0C046D34D820}.Release|Any CPU.Build.0 = Release|Any CPU
		{D9229D37-DE2C-4254-8213-5304F36BB21B}.Debug|Any CPU.ActiveCfg = Debug|Any CPU
		{D9229D37-DE2C-4254-8213-5304F36BB21B}.Debug|Any CPU.Build.0 = Debug|Any CPU
		{D9229D37-DE2C-4254-8213-5304F36BB21B}.Release|Any CPU.ActiveCfg = Release|Any CPU
		{D9229D37-DE2C-4254-8213-5304F36BB21B}.Release|Any CPU.Build.0 = Release|Any CPU
		{79FEC22E-6082-485A-BB8A-EE289803B104}.Debug|Any CPU.ActiveCfg = Debug|Any CPU
		{79FEC22E-6082-485A-BB8A-EE289803B104}.Debug|Any CPU.Build.0 = Debug|Any CPU
		{79FEC22E-6082-485A-BB8A-EE289803B104}.Release|Any CPU.ActiveCfg = Release|Any CPU
		{79FEC22E-6082-485A-BB8A-EE289803B104}.Release|Any CPU.Build.0 = Release|Any CPU
		{46140B14-466F-458D-ADA4-D72867E5EA30}.Debug|Any CPU.ActiveCfg = Debug|Any CPU
		{46140B14-466F-458D-ADA4-D72867E5EA30}.Debug|Any CPU.Build.0 = Debug|Any CPU
		{46140B14-466F-458D-ADA4-D72867E5EA30}.Release|Any CPU.ActiveCfg = Release|Any CPU
		{46140B14-466F-458D-ADA4-D72867E5EA30}.Release|Any CPU.Build.0 = Release|Any CPU
		{29AA770F-8DC0-436B-9FB0-22D84629EB9F}.Debug|Any CPU.ActiveCfg = Debug|Any CPU
		{29AA770F-8DC0-436B-9FB0-22D84629EB9F}.Debug|Any CPU.Build.0 = Debug|Any CPU
		{29AA770F-8DC0-436B-9FB0-22D84629EB9F}.Release|Any CPU.ActiveCfg = Release|Any CPU
		{29AA770F-8DC0-436B-9FB0-22D84629EB9F}.Release|Any CPU.Build.0 = Release|Any CPU
		{6A3548EB-5336-4862-B03F-C0B2F730611C}.Debug|Any CPU.ActiveCfg = Debug|Any CPU
		{6A3548EB-5336-4862-B03F-C0B2F730611C}.Debug|Any CPU.Build.0 = Debug|Any CPU
		{6A3548EB-5336-4862-B03F-C0B2F730611C}.Release|Any CPU.ActiveCfg = Release|Any CPU
		{6A3548EB-5336-4862-B03F-C0B2F730611C}.Release|Any CPU.Build.0 = Release|Any CPU
		{43672468-2249-4B24-943E-835E84515FB9}.Debug|Any CPU.ActiveCfg = Debug|Any CPU
		{43672468-2249-4B24-943E-835E84515FB9}.Debug|Any CPU.Build.0 = Debug|Any CPU
		{43672468-2249-4B24-943E-835E84515FB9}.Release|Any CPU.ActiveCfg = Release|Any CPU
		{43672468-2249-4B24-943E-835E84515FB9}.Release|Any CPU.Build.0 = Release|Any CPU
		{8D25D818-AA8D-433C-A1DF-C3549B342B49}.Debug|Any CPU.ActiveCfg = Debug|Any CPU
		{8D25D818-AA8D-433C-A1DF-C3549B342B49}.Debug|Any CPU.Build.0 = Debug|Any CPU
		{8D25D818-AA8D-433C-A1DF-C3549B342B49}.Release|Any CPU.ActiveCfg = Release|Any CPU
		{8D25D818-AA8D-433C-A1DF-C3549B342B49}.Release|Any CPU.Build.0 = Release|Any CPU
		{76076921-E5F3-42CF-8A6E-2C15848367FC}.Debug|Any CPU.ActiveCfg = Debug|Any CPU
		{76076921-E5F3-42CF-8A6E-2C15848367FC}.Debug|Any CPU.Build.0 = Debug|Any CPU
		{76076921-E5F3-42CF-8A6E-2C15848367FC}.Release|Any CPU.ActiveCfg = Release|Any CPU
		{76076921-E5F3-42CF-8A6E-2C15848367FC}.Release|Any CPU.Build.0 = Release|Any CPU
		{1E8EC0C5-50AD-4FCB-A260-C0B4F6047F23}.Debug|Any CPU.ActiveCfg = Debug|Any CPU
		{1E8EC0C5-50AD-4FCB-A260-C0B4F6047F23}.Debug|Any CPU.Build.0 = Debug|Any CPU
		{1E8EC0C5-50AD-4FCB-A260-C0B4F6047F23}.Release|Any CPU.ActiveCfg = Release|Any CPU
		{1E8EC0C5-50AD-4FCB-A260-C0B4F6047F23}.Release|Any CPU.Build.0 = Release|Any CPU
		{72298A62-1469-48D0-913C-3FA0431E8C1B}.Debug|Any CPU.ActiveCfg = Debug|Any CPU
		{72298A62-1469-48D0-913C-3FA0431E8C1B}.Debug|Any CPU.Build.0 = Debug|Any CPU
		{72298A62-1469-48D0-913C-3FA0431E8C1B}.Release|Any CPU.ActiveCfg = Release|Any CPU
		{72298A62-1469-48D0-913C-3FA0431E8C1B}.Release|Any CPU.Build.0 = Release|Any CPU
		{9692458A-4D75-4D21-801B-EA3A9CDA70AB}.Debug|Any CPU.ActiveCfg = Debug|Any CPU
		{9692458A-4D75-4D21-801B-EA3A9CDA70AB}.Debug|Any CPU.Build.0 = Debug|Any CPU
		{9692458A-4D75-4D21-801B-EA3A9CDA70AB}.Release|Any CPU.ActiveCfg = Release|Any CPU
		{9692458A-4D75-4D21-801B-EA3A9CDA70AB}.Release|Any CPU.Build.0 = Release|Any CPU
		{DBFD4F98-8363-4FAB-8CE9-A0A0AD159BE4}.Debug|Any CPU.ActiveCfg = Debug|Any CPU
		{DBFD4F98-8363-4FAB-8CE9-A0A0AD159BE4}.Debug|Any CPU.Build.0 = Debug|Any CPU
		{DBFD4F98-8363-4FAB-8CE9-A0A0AD159BE4}.Release|Any CPU.ActiveCfg = Release|Any CPU
		{DBFD4F98-8363-4FAB-8CE9-A0A0AD159BE4}.Release|Any CPU.Build.0 = Release|Any CPU
		{0B4BCC5E-C362-4F7C-8CF2-5CBDE235859A}.Debug|Any CPU.ActiveCfg = Debug|Any CPU
		{0B4BCC5E-C362-4F7C-8CF2-5CBDE235859A}.Debug|Any CPU.Build.0 = Debug|Any CPU
		{0B4BCC5E-C362-4F7C-8CF2-5CBDE235859A}.Release|Any CPU.ActiveCfg = Release|Any CPU
		{0B4BCC5E-C362-4F7C-8CF2-5CBDE235859A}.Release|Any CPU.Build.0 = Release|Any CPU
		{879704FF-5B94-4590-A0CB-AD6C9E17C22D}.Debug|Any CPU.ActiveCfg = Debug|Any CPU
		{879704FF-5B94-4590-A0CB-AD6C9E17C22D}.Debug|Any CPU.Build.0 = Debug|Any CPU
		{879704FF-5B94-4590-A0CB-AD6C9E17C22D}.Release|Any CPU.ActiveCfg = Release|Any CPU
		{879704FF-5B94-4590-A0CB-AD6C9E17C22D}.Release|Any CPU.Build.0 = Release|Any CPU
		{589A7D94-0A4A-4AD8-8006-6B32313FAD42}.Debug|Any CPU.ActiveCfg = Debug|Any CPU
		{589A7D94-0A4A-4AD8-8006-6B32313FAD42}.Debug|Any CPU.Build.0 = Debug|Any CPU
		{589A7D94-0A4A-4AD8-8006-6B32313FAD42}.Release|Any CPU.ActiveCfg = Release|Any CPU
		{589A7D94-0A4A-4AD8-8006-6B32313FAD42}.Release|Any CPU.Build.0 = Release|Any CPU
		{3885A73F-3C59-4F17-B520-64EC21E9A3B3}.Debug|Any CPU.ActiveCfg = Debug|Any CPU
		{3885A73F-3C59-4F17-B520-64EC21E9A3B3}.Debug|Any CPU.Build.0 = Debug|Any CPU
		{3885A73F-3C59-4F17-B520-64EC21E9A3B3}.Release|Any CPU.ActiveCfg = Release|Any CPU
		{3885A73F-3C59-4F17-B520-64EC21E9A3B3}.Release|Any CPU.Build.0 = Release|Any CPU
		{76F6AE24-3E69-4A01-9397-9F4D1233B739}.Debug|Any CPU.ActiveCfg = Debug|Any CPU
		{76F6AE24-3E69-4A01-9397-9F4D1233B739}.Debug|Any CPU.Build.0 = Debug|Any CPU
		{76F6AE24-3E69-4A01-9397-9F4D1233B739}.Release|Any CPU.ActiveCfg = Release|Any CPU
		{76F6AE24-3E69-4A01-9397-9F4D1233B739}.Release|Any CPU.Build.0 = Release|Any CPU
		{9B86BF59-8A30-4FA1-8D8C-41BE056ED95B}.Debug|Any CPU.ActiveCfg = Debug|Any CPU
		{9B86BF59-8A30-4FA1-8D8C-41BE056ED95B}.Debug|Any CPU.Build.0 = Debug|Any CPU
		{9B86BF59-8A30-4FA1-8D8C-41BE056ED95B}.Release|Any CPU.ActiveCfg = Release|Any CPU
		{9B86BF59-8A30-4FA1-8D8C-41BE056ED95B}.Release|Any CPU.Build.0 = Release|Any CPU
	EndGlobalSection
	GlobalSection(SolutionProperties) = preSolution
		HideSolutionNode = FALSE
	EndGlobalSection
	GlobalSection(NestedProjects) = preSolution
		{C11DEC52-D850-4A3E-9657-7715BABF9FDF} = {D6121E8A-079D-49CD-BA23-3C11EABD87D4}
		{405FE9FE-887C-4830-A0C8-4202130AB69C} = {C11DEC52-D850-4A3E-9657-7715BABF9FDF}
		{C93DA519-BEC9-41C1-B683-16F7DAE92E46} = {D6121E8A-079D-49CD-BA23-3C11EABD87D4}
		{A118C599-6254-48F0-A99E-5357A336FC22} = {C93DA519-BEC9-41C1-B683-16F7DAE92E46}
		{70D1978D-8E87-4D27-A769-CECE546A07AF} = {C93DA519-BEC9-41C1-B683-16F7DAE92E46}
		{87E6BD76-939B-4174-B146-9076387B0D8F} = {D6121E8A-079D-49CD-BA23-3C11EABD87D4}
		{237DDB65-C2AC-4AD3-8732-0CCEF0EFC726} = {87E6BD76-939B-4174-B146-9076387B0D8F}
		{3E7045AB-8CF2-42F8-B586-CB18C0C5CC08} = {87E6BD76-939B-4174-B146-9076387B0D8F}
		{26292658-FB06-4999-9C5F-1F1057F29740} = {468E0534-A9C7-4743-AF77-C80EF12EB0CE}
		{9C35FDD5-DA5A-4E56-A11C-6904425EFFE4} = {26292658-FB06-4999-9C5F-1F1057F29740}
		{FB2DC66D-A1A6-47DE-8901-435A8FDD9B15} = {468E0534-A9C7-4743-AF77-C80EF12EB0CE}
		{F3F17AF5-0887-46D6-AF20-AB25F8233462} = {FB2DC66D-A1A6-47DE-8901-435A8FDD9B15}
		{FBC43407-9B87-4A37-A6A9-88142533A125} = {FB2DC66D-A1A6-47DE-8901-435A8FDD9B15}
		{036114BB-2168-41DE-9CAA-8F6A6F2425E6} = {468E0534-A9C7-4743-AF77-C80EF12EB0CE}
		{32D8534E-2D7B-40ED-AD91-7B87E4C94D91} = {036114BB-2168-41DE-9CAA-8F6A6F2425E6}
		{6275D8C5-D4DE-48B7-9D1A-468F3EEC678A} = {036114BB-2168-41DE-9CAA-8F6A6F2425E6}
		{09EE20FF-F934-4436-8F79-C4A82E697955} = {5A78D56B-5F9C-4A8E-A82B-4CA6FD15FD8E}
		{88304F86-A83D-4B13-9839-27C7FB3F6F1B} = {09EE20FF-F934-4436-8F79-C4A82E697955}
		{98FF1562-CF72-4402-9D73-3A48A66BA37A} = {5A78D56B-5F9C-4A8E-A82B-4CA6FD15FD8E}
		{2865B1D7-89D6-4869-A5DF-F8DBB93301DE} = {98FF1562-CF72-4402-9D73-3A48A66BA37A}
		{2AD791EB-89BB-4D07-97BD-48AFED5AECA2} = {5A78D56B-5F9C-4A8E-A82B-4CA6FD15FD8E}
		{4C61B675-34AA-4423-87BE-5B9EAFE19D8D} = {2AD791EB-89BB-4D07-97BD-48AFED5AECA2}
		{ECF74EF4-4537-4844-9B8C-4FB0ED22507C} = {2AD791EB-89BB-4D07-97BD-48AFED5AECA2}
		{ABBDAFF9-017F-434C-B2C4-3513DD354A64} = {98FF1562-CF72-4402-9D73-3A48A66BA37A}
		{85D93C82-7199-4ED6-B6CB-6F8AF5938085} = {ED6F8668-35BC-4B6A-B0CE-638D20FB2ABC}
		{412104A9-391B-4AC1-84C4-0C046D34D820} = {85D93C82-7199-4ED6-B6CB-6F8AF5938085}
		{25F5B820-EEDA-4838-BC03-DD855186F358} = {ED6F8668-35BC-4B6A-B0CE-638D20FB2ABC}
		{D9229D37-DE2C-4254-8213-5304F36BB21B} = {25F5B820-EEDA-4838-BC03-DD855186F358}
		{79FEC22E-6082-485A-BB8A-EE289803B104} = {25F5B820-EEDA-4838-BC03-DD855186F358}
		{9A939118-7306-48BE-8D6A-000BC5407E83} = {ED6F8668-35BC-4B6A-B0CE-638D20FB2ABC}
		{46140B14-466F-458D-ADA4-D72867E5EA30} = {9A939118-7306-48BE-8D6A-000BC5407E83}
		{29AA770F-8DC0-436B-9FB0-22D84629EB9F} = {9A939118-7306-48BE-8D6A-000BC5407E83}
		{673545B7-28DF-46B7-A829-90EC83481074} = {EDB21139-913E-4F74-9769-437CA97A5BE7}
		{9DD8AB9E-C5F9-4193-A08D-14AA6325A02C} = {EDB21139-913E-4F74-9769-437CA97A5BE7}
		{3E1D3104-1B11-4FCF-A5FE-7CF8CFDF6520} = {EDB21139-913E-4F74-9769-437CA97A5BE7}
		{6A3548EB-5336-4862-B03F-C0B2F730611C} = {673545B7-28DF-46B7-A829-90EC83481074}
		{43672468-2249-4B24-943E-835E84515FB9} = {9DD8AB9E-C5F9-4193-A08D-14AA6325A02C}
		{8D25D818-AA8D-433C-A1DF-C3549B342B49} = {9DD8AB9E-C5F9-4193-A08D-14AA6325A02C}
		{76076921-E5F3-42CF-8A6E-2C15848367FC} = {3E1D3104-1B11-4FCF-A5FE-7CF8CFDF6520}
		{1E8EC0C5-50AD-4FCB-A260-C0B4F6047F23} = {3E1D3104-1B11-4FCF-A5FE-7CF8CFDF6520}
		{0E7027CC-2538-45D3-AE3A-2D8B7B47B96F} = {27E30373-A45E-4DE0-A98F-A1B7E3DB6022}
		{72298A62-1469-48D0-913C-3FA0431E8C1B} = {0E7027CC-2538-45D3-AE3A-2D8B7B47B96F}
		{8FC05D42-0F80-46D5-BA3A-95E5F0CF0D7D} = {27E30373-A45E-4DE0-A98F-A1B7E3DB6022}
		{9692458A-4D75-4D21-801B-EA3A9CDA70AB} = {8FC05D42-0F80-46D5-BA3A-95E5F0CF0D7D}
		{DBFD4F98-8363-4FAB-8CE9-A0A0AD159BE4} = {8FC05D42-0F80-46D5-BA3A-95E5F0CF0D7D}
		{7A61CA23-E28F-4018-A0A2-EF49D58952C2} = {27E30373-A45E-4DE0-A98F-A1B7E3DB6022}
		{0B4BCC5E-C362-4F7C-8CF2-5CBDE235859A} = {7A61CA23-E28F-4018-A0A2-EF49D58952C2}
		{879704FF-5B94-4590-A0CB-AD6C9E17C22D} = {7A61CA23-E28F-4018-A0A2-EF49D58952C2}
		{589A7D94-0A4A-4AD8-8006-6B32313FAD42} = {87E6BD76-939B-4174-B146-9076387B0D8F}
		{C6AFE07A-DBDD-4611-A16D-C335C22B1535} = {D6121E8A-079D-49CD-BA23-3C11EABD87D4}
		{3885A73F-3C59-4F17-B520-64EC21E9A3B3} = {C6AFE07A-DBDD-4611-A16D-C335C22B1535}
		{6FDF6F46-DB13-4991-84F4-C8457FBB83E4} = {5A78D56B-5F9C-4A8E-A82B-4CA6FD15FD8E}
		{76F6AE24-3E69-4A01-9397-9F4D1233B739} = {6FDF6F46-DB13-4991-84F4-C8457FBB83E4}
		{EFF7DEA1-8788-47E8-AD7D-FBB4497F6C42} = {ED6F8668-35BC-4B6A-B0CE-638D20FB2ABC}
		{9B86BF59-8A30-4FA1-8D8C-41BE056ED95B} = {EFF7DEA1-8788-47E8-AD7D-FBB4497F6C42}
	EndGlobalSection
	GlobalSection(ExtensibilityGlobals) = postSolution
		SolutionGuid = {FCF8FB76-DB82-46EE-94CA-5978DD779749}
	EndGlobalSection
EndGlobal
